{
  "name": "Scripts",
  "version": "1.0.0",
  "lockfileVersion": 1,
  "requires": true,
  "dependencies": {
    "@tabletop-playground/api": {
      "version": "0.4.0",
      "resolved": "https://registry.npmjs.org/@tabletop-playground/api/-/api-0.4.0.tgz",
      "integrity": "sha512-H/wGgzEMZZFNY8oNvWEZLRIfDv42npYOW3c3HRq75Yuet/k9gN91ymGcDCHRTj3aK4nzaCSnSK4g2TvRBGw+/Q=="
    },
    "javascript-state-machine": {
      "version": "3.1.0",
      "resolved": "https://registry.npmjs.org/javascript-state-machine/-/javascript-state-machine-3.1.0.tgz",
      "integrity": "sha512-BwhYxQ1OPenBPXC735RgfB+ZUG8H3kjsx8hrYTgWnoy6TPipEy4fiicyhT2lxRKAXq9pG7CfFT8a2HLr6Hmwxg=="
    }
  }
}
